PODS:
  - iOSSnapshotTestCase (4.0.0):
    - iOSSnapshotTestCase/SwiftSupport (= 4.0.0)
  - iOSSnapshotTestCase/Core (4.0.0)
  - iOSSnapshotTestCase/SwiftSupport (4.0.0):
    - iOSSnapshotTestCase/Core
  - OHHTTPStubs/Core (6.1.0)
  - OHHTTPStubs/Default (6.1.0):
    - OHHTTPStubs/Core
    - OHHTTPStubs/JSON
    - OHHTTPStubs/NSURLSession
    - OHHTTPStubs/OHPathHelpers
  - OHHTTPStubs/JSON (6.1.0):
    - OHHTTPStubs/Core
  - OHHTTPStubs/NSURLSession (6.1.0):
    - OHHTTPStubs/Core
  - OHHTTPStubs/OHPathHelpers (6.1.0)
  - OHHTTPStubs/Swift (6.1.0):
    - OHHTTPStubs/Default

DEPENDENCIES:
  - iOSSnapshotTestCase
  - OHHTTPStubs/Swift

SPEC REPOS:
  https://github.com/cocoapods/specs.git:
    - iOSSnapshotTestCase
    - OHHTTPStubs

SPEC CHECKSUMS:
  iOSSnapshotTestCase: 711379b19f69a22c131527df862352c877c2773c
  OHHTTPStubs: 1e21c7d2c084b8153fc53d48400d8919d2d432d0

PODFILE CHECKSUM: 8e6b1d9de6495d1f97fe220c22f6b307b578b883

COCOAPODS: 1.5.3
